
Microsoft Visual Studio Solution File, Format Version 12.00
# Visual Studio Version 16
VisualStudioVersion = 16.0.29418.71
MinimumVisualStudioVersion = 10.0.40219.1
Project("{FAE04EC0-301F-11D3-BF4B-00C04F79EFBC}") = "InsertionSort", "InsertionSort\InsertionSort.csproj", "{A6A0E0C5-A768-4EFD-86DE-1F1BE6A7AA19}"
EndProject
Project("{FAE04EC0-301F-11D3-BF4B-00C04F79EFBC}") = "XUnitTestProject1", "XUnitTestProject1\XUnitTestProject1.csproj", "{53DA9291-0E55-49EA-B7A0-DB35FA531A81}"
EndProject
Global
	GlobalSection(SolutionConfigurationPlatforms) = preSolution
		Debug|Any CPU = Debug|Any CPU
		Release|Any CPU = Release|Any CPU
	EndGlobalSection
	GlobalSection(ProjectConfigurationPlatforms) = postSolution
		{A6A0E0C5-A768-4EFD-86DE-1F1BE6A7AA19}.Debug|Any CPU.ActiveCfg = Debug|Any CPU
		{A6A0E0C5-A768-4EFD-86DE-1F1BE6A7AA19}.Debug|Any CPU.Build.0 = Debug|Any CPU
		{A6A0E0C5-A768-4EFD-86DE-1F1BE6A7AA19}.Release|Any CPU.ActiveCfg = Release|Any CPU
		{A6A0E0C5-A768-4EFD-86DE-1F1BE6A7AA19}.Release|Any CPU.Build.0 = Release|Any CPU
		{53DA9291-0E55-49EA-B7A0-DB35FA531A81}.Debug|Any CPU.ActiveCfg = Debug|Any CPU
		{53DA9291-0E55-49EA-B7A0-DB35FA531A81}.Debug|Any CPU.Build.0 = Debug|Any CPU
		{53DA9291-0E55-49EA-B7A0-DB35FA531A81}.Release|Any CPU.ActiveCfg = Release|Any CPU
		{53DA9291-0E55-49EA-B7A0-DB35FA531A81}.Release|Any CPU.Build.0 = Release|Any CPU
	EndGlobalSection
	GlobalSection(SolutionProperties) = preSolution
		HideSolutionNode = FALSE
	EndGlobalSection
	GlobalSection(ExtensibilityGlobals) = postSolution
		SolutionGuid = {4707B63D-069E-449C-B66F-B85944831112}
	EndGlobalSection
EndGlobal
