
Microsoft Visual Studio Solution File, Format Version 12.00
# Visual Studio Version 16
VisualStudioVersion = 16.0.29411.108
MinimumVisualStudioVersion = 10.0.40219.1
Project("{FAE04EC0-301F-11D3-BF4B-00C04F79EFBC}") = "BinarySearch", "BinarySearch\BinarySearch.csproj", "{490F8227-1CC8-43E0-81D2-A58036754EF3}"
EndProject
Project("{FAE04EC0-301F-11D3-BF4B-00C04F79EFBC}") = "XUnitTestProject1", "XUnitTestProject1\XUnitTestProject1.csproj", "{0C2A9FF5-B1DB-4AE1-A41E-028D9F9DE8F5}"
EndProject
Global
	GlobalSection(SolutionConfigurationPlatforms) = preSolution
		Debug|Any CPU = Debug|Any CPU
		Release|Any CPU = Release|Any CPU
	EndGlobalSection
	GlobalSection(ProjectConfigurationPlatforms) = postSolution
		{490F8227-1CC8-43E0-81D2-A58036754EF3}.Debug|Any CPU.ActiveCfg = Debug|Any CPU
		{490F8227-1CC8-43E0-81D2-A58036754EF3}.Debug|Any CPU.Build.0 = Debug|Any CPU
		{490F8227-1CC8-43E0-81D2-A58036754EF3}.Release|Any CPU.ActiveCfg = Release|Any CPU
		{490F8227-1CC8-43E0-81D2-A58036754EF3}.Release|Any CPU.Build.0 = Release|Any CPU
		{0C2A9FF5-B1DB-4AE1-A41E-028D9F9DE8F5}.Debug|Any CPU.ActiveCfg = Debug|Any CPU
		{0C2A9FF5-B1DB-4AE1-A41E-028D9F9DE8F5}.Debug|Any CPU.Build.0 = Debug|Any CPU
		{0C2A9FF5-B1DB-4AE1-A41E-028D9F9DE8F5}.Release|Any CPU.ActiveCfg = Release|Any CPU
		{0C2A9FF5-B1DB-4AE1-A41E-028D9F9DE8F5}.Release|Any CPU.Build.0 = Release|Any CPU
	EndGlobalSection
	GlobalSection(SolutionProperties) = preSolution
		HideSolutionNode = FALSE
	EndGlobalSection
	GlobalSection(ExtensibilityGlobals) = postSolution
		SolutionGuid = {514CBB34-5FD0-4C7A-BF4D-3F49C81D5671}
	EndGlobalSection
EndGlobal
