
Microsoft Visual Studio Solution File, Format Version 12.00
# Visual Studio Version 16
VisualStudioVersion = 16.0.29418.71
MinimumVisualStudioVersion = 10.0.40219.1
Project("{FAE04EC0-301F-11D3-BF4B-00C04F79EFBC}") = "QueueWithStacks", "QueueWithStacks\QueueWithStacks.csproj", "{1421FA9A-F416-4FC2-91EE-C46DA4383528}"
EndProject
Project("{FAE04EC0-301F-11D3-BF4B-00C04F79EFBC}") = "XUnitTestProject1", "XUnitTestProject1\XUnitTestProject1.csproj", "{2FB012DC-9552-40E0-BB47-9C7ED8CC73F6}"
EndProject
Global
	GlobalSection(SolutionConfigurationPlatforms) = preSolution
		Debug|Any CPU = Debug|Any CPU
		Release|Any CPU = Release|Any CPU
	EndGlobalSection
	GlobalSection(ProjectConfigurationPlatforms) = postSolution
		{1421FA9A-F416-4FC2-91EE-C46DA4383528}.Debug|Any CPU.ActiveCfg = Debug|Any CPU
		{1421FA9A-F416-4FC2-91EE-C46DA4383528}.Debug|Any CPU.Build.0 = Debug|Any CPU
		{1421FA9A-F416-4FC2-91EE-C46DA4383528}.Release|Any CPU.ActiveCfg = Release|Any CPU
		{1421FA9A-F416-4FC2-91EE-C46DA4383528}.Release|Any CPU.Build.0 = Release|Any CPU
		{2FB012DC-9552-40E0-BB47-9C7ED8CC73F6}.Debug|Any CPU.ActiveCfg = Debug|Any CPU
		{2FB012DC-9552-40E0-BB47-9C7ED8CC73F6}.Debug|Any CPU.Build.0 = Debug|Any CPU
		{2FB012DC-9552-40E0-BB47-9C7ED8CC73F6}.Release|Any CPU.ActiveCfg = Release|Any CPU
		{2FB012DC-9552-40E0-BB47-9C7ED8CC73F6}.Release|Any CPU.Build.0 = Release|Any CPU
	EndGlobalSection
	GlobalSection(SolutionProperties) = preSolution
		HideSolutionNode = FALSE
	EndGlobalSection
	GlobalSection(ExtensibilityGlobals) = postSolution
		SolutionGuid = {E79AFBE4-327F-4069-990C-CCB612318FDB}
	EndGlobalSection
EndGlobal
